// !$*UTF8*$!
{
	archiveVersion = 1;
	classes = {
	};
	objectVersion = 56;
	objects = {

/* Begin PBXBuildFile section */
		AF1BD0742C47BC4800D4B9F3 /* Memento_MoriApp.swift in Sources */ = {isa = PBXBuildFile; fileRef = AF1BD0732C47BC4800D4B9F3 /* Memento_MoriApp.swift */; };
		AF1BD0762C47BC4800D4B9F3 /* ContentView.swift in Sources */ = {isa = PBXBuildFile; fileRef = AF1BD0752C47BC4800D4B9F3 /* ContentView.swift */; };
		AF1BD0782C47BC4B00D4B9F3 /* Assets.xcassets in Resources */ = {isa = PBXBuildFile; fileRef = AF1BD0772C47BC4B00D4B9F3 /* Assets.xcassets */; };
		AF1BD07B2C47BC4B00D4B9F3 /* Preview Assets.xcassets in Resources */ = {isa = PBXBuildFile; fileRef = AF1BD07A2C47BC4B00D4B9F3 /* Preview Assets.xcassets */; };
		AF1BD0852C47BC4B00D4B9F3 /* Memento_MoriTests.swift in Sources */ = {isa = PBXBuildFile; fileRef = AF1BD0842C47BC4B00D4B9F3 /* Memento_MoriTests.swift */; };
		AF1BD08F2C47BC4B00D4B9F3 /* Memento_MoriUITests.swift in Sources */ = {isa = PBXBuildFile; fileRef = AF1BD08E2C47BC4B00D4B9F3 /* Memento_MoriUITests.swift */; };
		AF1BD0912C47BC4B00D4B9F3 /* Memento_MoriUITestsLaunchTests.swift in Sources */ = {isa = PBXBuildFile; fileRef = AF1BD0902C47BC4B00D4B9F3 /* Memento_MoriUITestsLaunchTests.swift */; };
		AF1BD09E2C47BE4700D4B9F3 /* UserData.swift in Sources */ = {isa = PBXBuildFile; fileRef = AF1BD09D2C47BE4700D4B9F3 /* UserData.swift */; };
		AF1BD0A02C47BE5C00D4B9F3 /* BirthDateInputView.swift in Sources */ = {isa = PBXBuildFile; fileRef = AF1BD09F2C47BE5C00D4B9F3 /* BirthDateInputView.swift */; };
		AF1BD0A22C47BEB300D4B9F3 /* CalendarView.swift in Sources */ = {isa = PBXBuildFile; fileRef = AF1BD0A12C47BEB300D4B9F3 /* CalendarView.swift */; };
		AF1BD0AA2C47CBF500D4B9F3 /* WidgetKit.framework in Frameworks */ = {isa = PBXBuildFile; fileRef = AF1BD0A92C47CBF500D4B9F3 /* WidgetKit.framework */; };
		AF1BD0AC2C47CBF500D4B9F3 /* SwiftUI.framework in Frameworks */ = {isa = PBXBuildFile; fileRef = AF1BD0AB2C47CBF500D4B9F3 /* SwiftUI.framework */; };
		AF1BD0AF2C47CBF500D4B9F3 /* MementoMoriWidgetBundle.swift in Sources */ = {isa = PBXBuildFile; fileRef = AF1BD0AE2C47CBF500D4B9F3 /* MementoMoriWidgetBundle.swift */; };
		AF1BD0B32C47CBF500D4B9F3 /* MementoMoriWidget.swift in Sources */ = {isa = PBXBuildFile; fileRef = AF1BD0B22C47CBF500D4B9F3 /* MementoMoriWidget.swift */; };
		AF1BD0B52C47CBF500D4B9F3 /* AppIntent.swift in Sources */ = {isa = PBXBuildFile; fileRef = AF1BD0B42C47CBF500D4B9F3 /* AppIntent.swift */; };
		AF1BD0B72C47CBF700D4B9F3 /* Assets.xcassets in Resources */ = {isa = PBXBuildFile; fileRef = AF1BD0B62C47CBF700D4B9F3 /* Assets.xcassets */; };
		AF1BD0BB2C47CBF700D4B9F3 /* MementoMoriWidgetExtension.appex in Embed Foundation Extensions */ = {isa = PBXBuildFile; fileRef = AF1BD0A72C47CBF500D4B9F3 /* MementoMoriWidgetExtension.appex */; settings = {ATTRIBUTES = (RemoveHeadersOnCopy, ); }; };
/* End PBXBuildFile section */

/* Begin PBXContainerItemProxy section */
		AF1BD0812C47BC4B00D4B9F3 /* PBXContainerItemProxy */ = {
			isa = PBXContainerItemProxy;
			containerPortal = AF1BD0682C47BC4800D4B9F3 /* Project object */;
			proxyType = 1;
			remoteGlobalIDString = AF1BD06F2C47BC4800D4B9F3;
			remoteInfo = "Memento Mori";
		};
		AF1BD08B2C47BC4B00D4B9F3 /* PBXContainerItemProxy */ = {
			isa = PBXContainerItemProxy;
			containerPortal = AF1BD0682C47BC4800D4B9F3 /* Project object */;
			proxyType = 1;
			remoteGlobalIDString = AF1BD06F2C47BC4800D4B9F3;
			remoteInfo = "Memento Mori";
		};
		AF1BD0B92C47CBF700D4B9F3 /* PBXContainerItemProxy */ = {
			isa = PBXContainerItemProxy;
			containerPortal = AF1BD0682C47BC4800D4B9F3 /* Project object */;
			proxyType = 1;
			remoteGlobalIDString = AF1BD0A62C47CBF500D4B9F3;
			remoteInfo = MementoMoriWidgetExtension;
		};
/* End PBXContainerItemProxy section */

/* Begin PBXCopyFilesBuildPhase section */
		AF1BD0BC2C47CBF700D4B9F3 /* Embed Foundation Extensions */ = {
			isa = PBXCopyFilesBuildPhase;
			buildActionMask = 2147483647;
			dstPath = "";
			dstSubfolderSpec = 13;
			files = (
				AF1BD0BB2C47CBF700D4B9F3 /* MementoMoriWidgetExtension.appex in Embed Foundation Extensions */,
			);
			name = "Embed Foundation Extensions";
			runOnlyForDeploymentPostprocessing = 0;
		};
/* End PBXCopyFilesBuildPhase section */

/* Begin PBXFileReference section */
		AF1BD0702C47BC4800D4B9F3 /* Memento Mori.app */ = {isa = PBXFileReference; explicitFileType = wrapper.application; includeInIndex = 0; path = "Memento Mori.app"; sourceTree = BUILT_PRODUCTS_DIR; };
		AF1BD0732C47BC4800D4B9F3 /* Memento_MoriApp.swift */ = {isa = PBXFileReference; lastKnownFileType = sourcecode.swift; path = Memento_MoriApp.swift; sourceTree = "<group>"; };
		AF1BD0752C47BC4800D4B9F3 /* ContentView.swift */ = {isa = PBXFileReference; lastKnownFileType = sourcecode.swift; path = ContentView.swift; sourceTree = "<group>"; };
		AF1BD0772C47BC4B00D4B9F3 /* Assets.xcassets */ = {isa = PBXFileReference; lastKnownFileType = folder.assetcatalog; path = Assets.xcassets; sourceTree = "<group>"; };
		AF1BD07A2C47BC4B00D4B9F3 /* Preview Assets.xcassets */ = {isa = PBXFileReference; lastKnownFileType = folder.assetcatalog; path = "Preview Assets.xcassets"; sourceTree = "<group>"; };
		AF1BD0802C47BC4B00D4B9F3 /* Memento MoriTests.xctest */ = {isa = PBXFileReference; explicitFileType = wrapper.cfbundle; includeInIndex = 0; path = "Memento MoriTests.xctest"; sourceTree = BUILT_PRODUCTS_DIR; };
		AF1BD0842C47BC4B00D4B9F3 /* Memento_MoriTests.swift */ = {isa = PBXFileReference; lastKnownFileType = sourcecode.swift; path = Memento_MoriTests.swift; sourceTree = "<group>"; };
		AF1BD08A2C47BC4B00D4B9F3 /* Memento MoriUITests.xctest */ = {isa = PBXFileReference; explicitFileType = wrapper.cfbundle; includeInIndex = 0; path = "Memento MoriUITests.xctest"; sourceTree = BUILT_PRODUCTS_DIR; };
		AF1BD08E2C47BC4B00D4B9F3 /* Memento_MoriUITests.swift */ = {isa = PBXFileReference; lastKnownFileType = sourcecode.swift; path = Memento_MoriUITests.swift; sourceTree = "<group>"; };
		AF1BD0902C47BC4B00D4B9F3 /* Memento_MoriUITestsLaunchTests.swift */ = {isa = PBXFileReference; lastKnownFileType = sourcecode.swift; path = Memento_MoriUITestsLaunchTests.swift; sourceTree = "<group>"; };
		AF1BD09D2C47BE4700D4B9F3 /* UserData.swift */ = {isa = PBXFileReference; lastKnownFileType = sourcecode.swift; path = UserData.swift; sourceTree = "<group>"; };
		AF1BD09F2C47BE5C00D4B9F3 /* BirthDateInputView.swift */ = {isa = PBXFileReference; lastKnownFileType = sourcecode.swift; path = BirthDateInputView.swift; sourceTree = "<group>"; };
		AF1BD0A12C47BEB300D4B9F3 /* CalendarView.swift */ = {isa = PBXFileReference; lastKnownFileType = sourcecode.swift; path = CalendarView.swift; sourceTree = "<group>"; };
		AF1BD0A72C47CBF500D4B9F3 /* MementoMoriWidgetExtension.appex */ = {isa = PBXFileReference; explicitFileType = "wrapper.app-extension"; includeInIndex = 0; path = MementoMoriWidgetExtension.appex; sourceTree = BUILT_PRODUCTS_DIR; };
		AF1BD0A92C47CBF500D4B9F3 /* WidgetKit.framework */ = {isa = PBXFileReference; lastKnownFileType = wrapper.framework; name = WidgetKit.framework; path = System/Library/Frameworks/WidgetKit.framework; sourceTree = SDKROOT; };
		AF1BD0AB2C47CBF500D4B9F3 /* SwiftUI.framework */ = {isa = PBXFileReference; lastKnownFileType = wrapper.framework; name = SwiftUI.framework; path = System/Library/Frameworks/SwiftUI.framework; sourceTree = SDKROOT; };
		AF1BD0AE2C47CBF500D4B9F3 /* MementoMoriWidgetBundle.swift */ = {isa = PBXFileReference; lastKnownFileType = sourcecode.swift; path = MementoMoriWidgetBundle.swift; sourceTree = "<group>"; };
		AF1BD0B22C47CBF500D4B9F3 /* MementoMoriWidget.swift */ = {isa = PBXFileReference; lastKnownFileType = sourcecode.swift; path = MementoMoriWidget.swift; sourceTree = "<group>"; };
		AF1BD0B42C47CBF500D4B9F3 /* AppIntent.swift */ = {isa = PBXFileReference; lastKnownFileType = sourcecode.swift; path = AppIntent.swift; sourceTree = "<group>"; };
		AF1BD0B62C47CBF700D4B9F3 /* Assets.xcassets */ = {isa = PBXFileReference; lastKnownFileType = folder.assetcatalog; path = Assets.xcassets; sourceTree = "<group>"; };
		AF1BD0B82C47CBF700D4B9F3 /* Info.plist */ = {isa = PBXFileReference; lastKnownFileType = text.plist.xml; path = Info.plist; sourceTree = "<group>"; };
/* End PBXFileReference section */

/* Begin PBXFrameworksBuildPhase section */
		AF1BD06D2C47BC4800D4B9F3 /* Frameworks */ = {
			isa = PBXFrameworksBuildPhase;
			buildActionMask = 2147483647;
			files = (
			);
			runOnlyForDeploymentPostprocessing = 0;
		};
		AF1BD07D2C47BC4B00D4B9F3 /* Frameworks */ = {
			isa = PBXFrameworksBuildPhase;
			buildActionMask = 2147483647;
			files = (
			);
			runOnlyForDeploymentPostprocessing = 0;
		};
		AF1BD0872C47BC4B00D4B9F3 /* Frameworks */ = {
			isa = PBXFrameworksBuildPhase;
			buildActionMask = 2147483647;
			files = (
			);
			runOnlyForDeploymentPostprocessing = 0;
		};
		AF1BD0A42C47CBF500D4B9F3 /* Frameworks */ = {
			isa = PBXFrameworksBuildPhase;
			buildActionMask = 2147483647;
			files = (
				AF1BD0AC2C47CBF500D4B9F3 /* SwiftUI.framework in Frameworks */,
				AF1BD0AA2C47CBF500D4B9F3 /* WidgetKit.framework in Frameworks */,
			);
			runOnlyForDeploymentPostprocessing = 0;
		};
/* End PBXFrameworksBuildPhase section */

/* Begin PBXGroup section */
		AF1BD0672C47BC4800D4B9F3 = {
			isa = PBXGroup;
			children = (
				AF1BD0722C47BC4800D4B9F3 /* Memento Mori */,
				AF1BD0832C47BC4B00D4B9F3 /* Memento MoriTests */,
				AF1BD08D2C47BC4B00D4B9F3 /* Memento MoriUITests */,
				AF1BD0AD2C47CBF500D4B9F3 /* MementoMoriWidget */,
				AF1BD0A82C47CBF500D4B9F3 /* Frameworks */,
				AF1BD0712C47BC4800D4B9F3 /* Products */,
			);
			sourceTree = "<group>";
		};
		AF1BD0712C47BC4800D4B9F3 /* Products */ = {
			isa = PBXGroup;
			children = (
				AF1BD0702C47BC4800D4B9F3 /* Memento Mori.app */,
				AF1BD0802C47BC4B00D4B9F3 /* Memento MoriTests.xctest */,
				AF1BD08A2C47BC4B00D4B9F3 /* Memento MoriUITests.xctest */,
				AF1BD0A72C47CBF500D4B9F3 /* MementoMoriWidgetExtension.appex */,
			);
			name = Products;
			sourceTree = "<group>";
		};
		AF1BD0722C47BC4800D4B9F3 /* Memento Mori */ = {
			isa = PBXGroup;
			children = (
				AF1BD0732C47BC4800D4B9F3 /* Memento_MoriApp.swift */,
				AF1BD0752C47BC4800D4B9F3 /* ContentView.swift */,
				AF1BD0772C47BC4B00D4B9F3 /* Assets.xcassets */,
				AF1BD0792C47BC4B00D4B9F3 /* Preview Content */,
				AF1BD09D2C47BE4700D4B9F3 /* UserData.swift */,
				AF1BD09F2C47BE5C00D4B9F3 /* BirthDateInputView.swift */,
				AF1BD0A12C47BEB300D4B9F3 /* CalendarView.swift */,
			);
			path = "Memento Mori";
			sourceTree = "<group>";
		};
		AF1BD0792C47BC4B00D4B9F3 /* Preview Content */ = {
			isa = PBXGroup;
			children = (
				AF1BD07A2C47BC4B00D4B9F3 /* Preview Assets.xcassets */,
			);
			path = "Preview Content";
			sourceTree = "<group>";
		};
		AF1BD0832C47BC4B00D4B9F3 /* Memento MoriTests */ = {
			isa = PBXGroup;
			children = (
				AF1BD0842C47BC4B00D4B9F3 /* Memento_MoriTests.swift */,
			);
			path = "Memento MoriTests";
			sourceTree = "<group>";
		};
		AF1BD08D2C47BC4B00D4B9F3 /* Memento MoriUITests */ = {
			isa = PBXGroup;
			children = (
				AF1BD08E2C47BC4B00D4B9F3 /* Memento_MoriUITests.swift */,
				AF1BD0902C47BC4B00D4B9F3 /* Memento_MoriUITestsLaunchTests.swift */,
			);
			path = "Memento MoriUITests";
			sourceTree = "<group>";
		};
		AF1BD0A82C47CBF500D4B9F3 /* Frameworks */ = {
			isa = PBXGroup;
			children = (
				AF1BD0A92C47CBF500D4B9F3 /* WidgetKit.framework */,
				AF1BD0AB2C47CBF500D4B9F3 /* SwiftUI.framework */,
			);
			name = Frameworks;
			sourceTree = "<group>";
		};
		AF1BD0AD2C47CBF500D4B9F3 /* MementoMoriWidget */ = {
			isa = PBXGroup;
			children = (
				AF1BD0AE2C47CBF500D4B9F3 /* MementoMoriWidgetBundle.swift */,
				AF1BD0B22C47CBF500D4B9F3 /* MementoMoriWidget.swift */,
				AF1BD0B42C47CBF500D4B9F3 /* AppIntent.swift */,
				AF1BD0B62C47CBF700D4B9F3 /* Assets.xcassets */,
				AF1BD0B82C47CBF700D4B9F3 /* Info.plist */,
			);
			path = MementoMoriWidget;
			sourceTree = "<group>";
		};
/* End PBXGroup section */

/* Begin PBXNativeTarget section */
		AF1BD06F2C47BC4800D4B9F3 /* Memento Mori */ = {
			isa = PBXNativeTarget;
			buildConfigurationList = AF1BD0942C47BC4B00D4B9F3 /* Build configuration list for PBXNativeTarget "Memento Mori" */;
			buildPhases = (
				AF1BD06C2C47BC4800D4B9F3 /* Sources */,
				AF1BD06D2C47BC4800D4B9F3 /* Frameworks */,
				AF1BD06E2C47BC4800D4B9F3 /* Resources */,
				AF1BD0BC2C47CBF700D4B9F3 /* Embed Foundation Extensions */,
			);
			buildRules = (
			);
			dependencies = (
				AF1BD0BA2C47CBF700D4B9F3 /* PBXTargetDependency */,
			);
			name = "Memento Mori";
			productName = "Memento Mori";
			productReference = AF1BD0702C47BC4800D4B9F3 /* Memento Mori.app */;
			productType = "com.apple.product-type.application";
		};
		AF1BD07F2C47BC4B00D4B9F3 /* Memento MoriTests */ = {
			isa = PBXNativeTarget;
			buildConfigurationList = AF1BD0972C47BC4B00D4B9F3 /* Build configuration list for PBXNativeTarget "Memento MoriTests" */;
			buildPhases = (
				AF1BD07C2C47BC4B00D4B9F3 /* Sources */,
				AF1BD07D2C47BC4B00D4B9F3 /* Frameworks */,
				AF1BD07E2C47BC4B00D4B9F3 /* Resources */,
			);
			buildRules = (
			);
			dependencies = (
				AF1BD0822C47BC4B00D4B9F3 /* PBXTargetDependency */,
			);
			name = "Memento MoriTests";
			productName = "Memento MoriTests";
			productReference = AF1BD0802C47BC4B00D4B9F3 /* Memento MoriTests.xctest */;
			productType = "com.apple.product-type.bundle.unit-test";
		};
		AF1BD0892C47BC4B00D4B9F3 /* Memento MoriUITests */ = {
			isa = PBXNativeTarget;
			buildConfigurationList = AF1BD09A2C47BC4B00D4B9F3 /* Build configuration list for PBXNativeTarget "Memento MoriUITests" */;
			buildPhases = (
				AF1BD0862C47BC4B00D4B9F3 /* Sources */,
				AF1BD0872C47BC4B00D4B9F3 /* Frameworks */,
				AF1BD0882C47BC4B00D4B9F3 /* Resources */,
			);
			buildRules = (
			);
			dependencies = (
				AF1BD08C2C47BC4B00D4B9F3 /* PBXTargetDependency */,
			);
			name = "Memento MoriUITests";
			productName = "Memento MoriUITests";
			productReference = AF1BD08A2C47BC4B00D4B9F3 /* Memento MoriUITests.xctest */;
			productType = "com.apple.product-type.bundle.ui-testing";
		};
		AF1BD0A62C47CBF500D4B9F3 /* MementoMoriWidgetExtension */ = {
			isa = PBXNativeTarget;
			buildConfigurationList = AF1BD0BF2C47CBF700D4B9F3 /* Build configuration list for PBXNativeTarget "MementoMoriWidgetExtension" */;
			buildPhases = (
				AF1BD0A32C47CBF500D4B9F3 /* Sources */,
				AF1BD0A42C47CBF500D4B9F3 /* Frameworks */,
				AF1BD0A52C47CBF500D4B9F3 /* Resources */,
			);
			buildRules = (
			);
			dependencies = (
			);
			name = MementoMoriWidgetExtension;
			productName = MementoMoriWidgetExtension;
			productReference = AF1BD0A72C47CBF500D4B9F3 /* MementoMoriWidgetExtension.appex */;
			productType = "com.apple.product-type.app-extension";
		};
/* End PBXNativeTarget section */

/* Begin PBXProject section */
		AF1BD0682C47BC4800D4B9F3 /* Project object */ = {
			isa = PBXProject;
			attributes = {
				BuildIndependentTargetsInParallel = 1;
				LastSwiftUpdateCheck = 1500;
				LastUpgradeCheck = 1500;
				TargetAttributes = {
					AF1BD06F2C47BC4800D4B9F3 = {
						CreatedOnToolsVersion = 15.0;
					};
					AF1BD07F2C47BC4B00D4B9F3 = {
						CreatedOnToolsVersion = 15.0;
						TestTargetID = AF1BD06F2C47BC4800D4B9F3;
					};
					AF1BD0892C47BC4B00D4B9F3 = {
						CreatedOnToolsVersion = 15.0;
						TestTargetID = AF1BD06F2C47BC4800D4B9F3;
					};
					AF1BD0A62C47CBF500D4B9F3 = {
						CreatedOnToolsVersion = 15.0;
					};
				};
			};
			buildConfigurationList = AF1BD06B2C47BC4800D4B9F3 /* Build configuration list for PBXProject "Memento Mori" */;
			compatibilityVersion = "Xcode 14.0";
			developmentRegion = en;
			hasScannedForEncodings = 0;
			knownRegions = (
				en,
				Base,
			);
			mainGroup = AF1BD0672C47BC4800D4B9F3;
			productRefGroup = AF1BD0712C47BC4800D4B9F3 /* Products */;
			projectDirPath = "";
			projectRoot = "";
			targets = (
				AF1BD06F2C47BC4800D4B9F3 /* Memento Mori */,
				AF1BD07F2C47BC4B00D4B9F3 /* Memento MoriTests */,
				AF1BD0892C47BC4B00D4B9F3 /* Memento MoriUITests */,
				AF1BD0A62C47CBF500D4B9F3 /* MementoMoriWidgetExtension */,
			);
		};
/* End PBXProject section */

/* Begin PBXResourcesBuildPhase section */
		AF1BD06E2C47BC4800D4B9F3 /* Resources */ = {
			isa = PBXResourcesBuildPhase;
			buildActionMask = 2147483647;
			files = (
				AF1BD07B2C47BC4B00D4B9F3 /* Preview Assets.xcassets in Resources */,
				AF1BD0782C47BC4B00D4B9F3 /* Assets.xcassets in Resources */,
			);
			runOnlyForDeploymentPostprocessing = 0;
		};
		AF1BD07E2C47BC4B00D4B9F3 /* Resources */ = {
			isa = PBXResourcesBuildPhase;
			buildActionMask = 2147483647;
			files = (
			);
			runOnlyForDeploymentPostprocessing = 0;
		};
		AF1BD0882C47BC4B00D4B9F3 /* Resources */ = {
			isa = PBXResourcesBuildPhase;
			buildActionMask = 2147483647;
			files = (
			);
			runOnlyForDeploymentPostprocessing = 0;
		};
		AF1BD0A52C47CBF500D4B9F3 /* Resources */ = {
			isa = PBXResourcesBuildPhase;
			buildActionMask = 2147483647;
			files = (
				AF1BD0B72C47CBF700D4B9F3 /* Assets.xcassets in Resources */,
			);
			runOnlyForDeploymentPostprocessing = 0;
		};
/* End PBXResourcesBuildPhase section */

/* Begin PBXSourcesBuildPhase section */
		AF1BD06C2C47BC4800D4B9F3 /* Sources */ = {
			isa = PBXSourcesBuildPhase;
			buildActionMask = 2147483647;
			files = (
				AF1BD0A22C47BEB300D4B9F3 /* CalendarView.swift in Sources */,
				AF1BD09E2C47BE4700D4B9F3 /* UserData.swift in Sources */,
				AF1BD0A02C47BE5C00D4B9F3 /* BirthDateInputView.swift in Sources */,
				AF1BD0762C47BC4800D4B9F3 /* ContentView.swift in Sources */,
				AF1BD0742C47BC4800D4B9F3 /* Memento_MoriApp.swift in Sources */,
			);
			runOnlyForDeploymentPostprocessing = 0;
		};
		AF1BD07C2C47BC4B00D4B9F3 /* Sources */ = {
			isa = PBXSourcesBuildPhase;
			buildActionMask = 2147483647;
			files = (
				AF1BD0852C47BC4B00D4B9F3 /* Memento_MoriTests.swift in Sources */,
			);
			runOnlyForDeploymentPostprocessing = 0;
		};
		AF1BD0862C47BC4B00D4B9F3 /* Sources */ = {
			isa = PBXSourcesBuildPhase;
			buildActionMask = 2147483647;
			files = (
				AF1BD08F2C47BC4B00D4B9F3 /* Memento_MoriUITests.swift in Sources */,
				AF1BD0912C47BC4B00D4B9F3 /* Memento_MoriUITestsLaunchTests.swift in Sources */,
			);
			runOnlyForDeploymentPostprocessing = 0;
		};
		AF1BD0A32C47CBF500D4B9F3 /* Sources */ = {
			isa = PBXSourcesBuildPhase;
			buildActionMask = 2147483647;
			files = (
				AF1BD0AF2C47CBF500D4B9F3 /* MementoMoriWidgetBundle.swift in Sources */,
				AF1BD0B52C47CBF500D4B9F3 /* AppIntent.swift in Sources */,
				AF1BD0B32C47CBF500D4B9F3 /* MementoMoriWidget.swift in Sources */,
			);
			runOnlyForDeploymentPostprocessing = 0;
		};
/* End PBXSourcesBuildPhase section */

/* Begin PBXTargetDependency section */
		AF1BD0822C47BC4B00D4B9F3 /* PBXTargetDependency */ = {
			isa = PBXTargetDependency;
			target = AF1BD06F2C47BC4800D4B9F3 /* Memento Mori */;
			targetProxy = AF1BD0812C47BC4B00D4B9F3 /* PBXContainerItemProxy */;
		};
		AF1BD08C2C47BC4B00D4B9F3 /* PBXTargetDependency */ = {
			isa = PBXTargetDependency;
			target = AF1BD06F2C47BC4800D4B9F3 /* Memento Mori */;
			targetProxy = AF1BD08B2C47BC4B00D4B9F3 /* PBXContainerItemProxy */;
		};
		AF1BD0BA2C47CBF700D4B9F3 /* PBXTargetDependency */ = {
			isa = PBXTargetDependency;
			target = AF1BD0A62C47CBF500D4B9F3 /* MementoMoriWidgetExtension */;
			targetProxy = AF1BD0B92C47CBF700D4B9F3 /* PBXContainerItemProxy */;
		};
/* End PBXTargetDependency section */

/* Begin XCBuildConfiguration section */
		AF1BD0922C47BC4B00D4B9F3 /* Debug */ = {
			isa = XCBuildConfiguration;
			buildSettings = {
				ALWAYS_SEARCH_USER_PATHS = NO;
				ASSETCATALOG_COMPILER_GENERATE_SWIFT_ASSET_SYMBOL_EXTENSIONS = YES;
				CLANG_ANALYZER_NONNULL = YES;
				CLANG_ANALYZER_NUMBER_OBJECT_CONVERSION = YES_AGGRESSIVE;
				CLANG_CXX_LANGUAGE_STANDARD = "gnu++20";
				CLANG_ENABLE_MODULES = YES;
				CLANG_ENABLE_OBJC_ARC = YES;
				CLANG_ENABLE_OBJC_WEAK = YES;
				CLANG_WARN_BLOCK_CAPTURE_AUTORELEASING = YES;
				CLANG_WARN_BOOL_CONVERSION = YES;
				CLANG_WARN_COMMA = YES;
				CLANG_WARN_CONSTANT_CONVERSION = YES;
				CLANG_WARN_DEPRECATED_OBJC_IMPLEMENTATIONS = YES;
				CLANG_WARN_DIRECT_OBJC_ISA_USAGE = YES_ERROR;
				CLANG_WARN_DOCUMENTATION_COMMENTS = YES;
				CLANG_WARN_EMPTY_BODY = YES;
				CLANG_WARN_ENUM_CONVERSION = YES;
				CLANG_WARN_INFINITE_RECURSION = YES;
				CLANG_WARN_INT_CONVERSION = YES;
				CLANG_WARN_NON_LITERAL_NULL_CONVERSION = YES;
				CLANG_WARN_OBJC_IMPLICIT_RETAIN_SELF = YES;
				CLANG_WARN_OBJC_LITERAL_CONVERSION = YES;
				CLANG_WARN_OBJC_ROOT_CLASS = YES_ERROR;
				CLANG_WARN_QUOTED_INCLUDE_IN_FRAMEWORK_HEADER = YES;
				CLANG_WARN_RANGE_LOOP_ANALYSIS = YES;
				CLANG_WARN_STRICT_PROTOTYPES = YES;
				CLANG_WARN_SUSPICIOUS_MOVE = YES;
				CLANG_WARN_UNGUARDED_AVAILABILITY = YES_AGGRESSIVE;
				CLANG_WARN_UNREACHABLE_CODE = YES;
				CLANG_WARN__DUPLICATE_METHOD_MATCH = YES;
				COPY_PHASE_STRIP = NO;
				DEBUG_INFORMATION_FORMAT = dwarf;
				ENABLE_STRICT_OBJC_MSGSEND = YES;
				ENABLE_TESTABILITY = YES;
				ENABLE_USER_SCRIPT_SANDBOXING = YES;
				GCC_C_LANGUAGE_STANDARD = gnu17;
				GCC_DYNAMIC_NO_PIC = NO;
				GCC_NO_COMMON_BLOCKS = YES;
				GCC_OPTIMIZATION_LEVEL = 0;
				GCC_PREPROCESSOR_DEFINITIONS = (
					"DEBUG=1",
					"$(inherited)",
				);
				GCC_WARN_64_TO_32_BIT_CONVERSION = YES;
				GCC_WARN_ABOUT_RETURN_TYPE = YES_ERROR;
				GCC_WARN_UNDECLARED_SELECTOR = YES;
				GCC_WARN_UNINITIALIZED_AUTOS = YES_AGGRESSIVE;
				GCC_WARN_UNUSED_FUNCTION = YES;
				GCC_WARN_UNUSED_VARIABLE = YES;
				IPHONEOS_DEPLOYMENT_TARGET = 17.0;
				LOCALIZATION_PREFERS_STRING_CATALOGS = YES;
				MTL_ENABLE_DEBUG_INFO = INCLUDE_SOURCE;
				MTL_FAST_MATH = YES;
				ONLY_ACTIVE_ARCH = YES;
				SDKROOT = iphoneos;
				SWIFT_ACTIVE_COMPILATION_CONDITIONS = "DEBUG $(inherited)";
				SWIFT_OPTIMIZATION_LEVEL = "-Onone";
			};
			name = Debug;
		};
		AF1BD0932C47BC4B00D4B9F3 /* Release */ = {
			isa = XCBuildConfiguration;
			buildSettings = {
				ALWAYS_SEARCH_USER_PATHS = NO;
				ASSETCATALOG_COMPILER_GENERATE_SWIFT_ASSET_SYMBOL_EXTENSIONS = YES;
				CLANG_ANALYZER_NONNULL = YES;
				CLANG_ANALYZER_NUMBER_OBJECT_CONVERSION = YES_AGGRESSIVE;
				CLANG_CXX_LANGUAGE_STANDARD = "gnu++20";
				CLANG_ENABLE_MODULES = YES;
				CLANG_ENABLE_OBJC_ARC = YES;
				CLANG_ENABLE_OBJC_WEAK = YES;
				CLANG_WARN_BLOCK_CAPTURE_AUTORELEASING = YES;
				CLANG_WARN_BOOL_CONVERSION = YES;
				CLANG_WARN_COMMA = YES;
				CLANG_WARN_CONSTANT_CONVERSION = YES;
				CLANG_WARN_DEPRECATED_OBJC_IMPLEMENTATIONS = YES;
				CLANG_WARN_DIRECT_OBJC_ISA_USAGE = YES_ERROR;
				CLANG_WARN_DOCUMENTATION_COMMENTS = YES;
				CLANG_WARN_EMPTY_BODY = YES;
				CLANG_WARN_ENUM_CONVERSION = YES;
				CLANG_WARN_INFINITE_RECURSION = YES;
				CLANG_WARN_INT_CONVERSION = YES;
				CLANG_WARN_NON_LITERAL_NULL_CONVERSION = YES;
				CLANG_WARN_OBJC_IMPLICIT_RETAIN_SELF = YES;
				CLANG_WARN_OBJC_LITERAL_CONVERSION = YES;
				CLANG_WARN_OBJC_ROOT_CLASS = YES_ERROR;
				CLANG_WARN_QUOTED_INCLUDE_IN_FRAMEWORK_HEADER = YES;
				CLANG_WARN_RANGE_LOOP_ANALYSIS = YES;
				CLANG_WARN_STRICT_PROTOTYPES = YES;
				CLANG_WARN_SUSPICIOUS_MOVE = YES;
				CLANG_WARN_UNGUARDED_AVAILABILITY = YES_AGGRESSIVE;
				CLANG_WARN_UNREACHABLE_CODE = YES;
				CLANG_WARN__DUPLICATE_METHOD_MATCH = YES;
				COPY_PHASE_STRIP = NO;
				DEBUG_INFORMATION_FORMAT = "dwarf-with-dsym";
				ENABLE_NS_ASSERTIONS = NO;
				ENABLE_STRICT_OBJC_MSGSEND = YES;
				ENABLE_USER_SCRIPT_SANDBOXING = YES;
				GCC_C_LANGUAGE_STANDARD = gnu17;
				GCC_NO_COMMON_BLOCKS = YES;
				GCC_WARN_64_TO_32_BIT_CONVERSION = YES;
				GCC_WARN_ABOUT_RETURN_TYPE = YES_ERROR;
				GCC_WARN_UNDECLARED_SELECTOR = YES;
				GCC_WARN_UNINITIALIZED_AUTOS = YES_AGGRESSIVE;
				GCC_WARN_UNUSED_FUNCTION = YES;
				GCC_WARN_UNUSED_VARIABLE = YES;
				IPHONEOS_DEPLOYMENT_TARGET = 17.0;
				LOCALIZATION_PREFERS_STRING_CATALOGS = YES;
				MTL_ENABLE_DEBUG_INFO = NO;
				MTL_FAST_MATH = YES;
				SDKROOT = iphoneos;
				SWIFT_COMPILATION_MODE = wholemodule;
				VALIDATE_PRODUCT = YES;
			};
			name = Release;
		};
		AF1BD0952C47BC4B00D4B9F3 /* Debug */ = {
			isa = XCBuildConfiguration;
			buildSettings = {
				ALWAYS_EMBED_SWIFT_STANDARD_LIBRARIES = YES;
				ASSETCATALOG_COMPILER_APPICON_NAME = AppIcon;
				ASSETCATALOG_COMPILER_GLOBAL_ACCENT_COLOR_NAME = AccentColor;
				CODE_SIGN_IDENTITY = "Apple Development";
				CODE_SIGN_STYLE = Automatic;
				CURRENT_PROJECT_VERSION = 1;
				DEVELOPMENT_ASSET_PATHS = "\"Memento Mori/Preview Content\"";
				DEVELOPMENT_TEAM = J3RR7Q3QN2;
				ENABLE_PREVIEWS = YES;
				GENERATE_INFOPLIST_FILE = YES;
				INFOPLIST_KEY_UIApplicationSceneManifest_Generation = YES;
				INFOPLIST_KEY_UIApplicationSupportsIndirectInputEvents = YES;
				INFOPLIST_KEY_UILaunchScreen_Generation = YES;
				INFOPLIST_KEY_UISupportedInterfaceOrientations_iPad = "UIInterfaceOrientationPortrait UIInterfaceOrientationPortraitUpsideDown UIInterfaceOrientationLandscapeLeft UIInterfaceOrientationLandscapeRight";
				INFOPLIST_KEY_UISupportedInterfaceOrientations_iPhone = "UIInterfaceOrientationPortrait UIInterfaceOrientationLandscapeLeft UIInterfaceOrientationLandscapeRight";
				LD_RUNPATH_SEARCH_PATHS = (
					"$(inherited)",
					"@executable_path/Frameworks",
				);
				MARKETING_VERSION = 1.0;
				PRODUCT_BUNDLE_IDENTIFIER = "haveeehr.Memento-Mori";
				PRODUCT_NAME = "$(TARGET_NAME)";
				PROVISIONING_PROFILE_SPECIFIER = "";
				SWIFT_EMIT_LOC_STRINGS = YES;
				SWIFT_VERSION = 5.0;
				TARGETED_DEVICE_FAMILY = "1,2";
			};
			name = Debug;
		};
		AF1BD0962C47BC4B00D4B9F3 /* Release */ = {
			isa = XCBuildConfiguration;
			buildSettings = {
				ALWAYS_EMBED_SWIFT_STANDARD_LIBRARIES = YES;
				ASSETCATALOG_COMPILER_APPICON_NAME = AppIcon;
				ASSETCATALOG_COMPILER_GLOBAL_ACCENT_COLOR_NAME = AccentColor;
				CODE_SIGN_IDENTITY = "Apple Development";
				CODE_SIGN_STYLE = Automatic;
				CURRENT_PROJECT_VERSION = 1;
				DEVELOPMENT_ASSET_PATHS = "\"Memento Mori/Preview Content\"";
				DEVELOPMENT_TEAM = J3RR7Q3QN2;
				ENABLE_PREVIEWS = YES;
				GENERATE_INFOPLIST_FILE = YES;
				INFOPLIST_KEY_UIApplicationSceneManifest_Generation = YES;
				INFOPLIST_KEY_UIApplicationSupportsIndirectInputEvents = YES;
				INFOPLIST_KEY_UILaunchScreen_Generation = YES;
				INFOPLIST_KEY_UISupportedInterfaceOrientations_iPad = "UIInterfaceOrientationPortrait UIInterfaceOrientationPortraitUpsideDown UIInterfaceOrientationLandscapeLeft UIInterfaceOrientationLandscapeRight";
				INFOPLIST_KEY_UISupportedInterfaceOrientations_iPhone = "UIInterfaceOrientationPortrait UIInterfaceOrientationLandscapeLeft UIInterfaceOrientationLandscapeRight";
				LD_RUNPATH_SEARCH_PATHS = (
					"$(inherited)",
					"@executable_path/Frameworks",
				);
				MARKETING_VERSION = 1.0;
				PRODUCT_BUNDLE_IDENTIFIER = "haveeehr.Memento-Mori";
				PRODUCT_NAME = "$(TARGET_NAME)";
				PROVISIONING_PROFILE_SPECIFIER = "";
				SWIFT_EMIT_LOC_STRINGS = YES;
				SWIFT_VERSION = 5.0;
				TARGETED_DEVICE_FAMILY = "1,2";
			};
			name = Release;
		};
		AF1BD0982C47BC4B00D4B9F3 /* Debug */ = {
			isa = XCBuildConfiguration;
			buildSettings = {
				ALWAYS_EMBED_SWIFT_STANDARD_LIBRARIES = YES;
				BUNDLE_LOADER = "$(TEST_HOST)";
				CODE_SIGN_STYLE = Automatic;
				CURRENT_PROJECT_VERSION = 1;
				GENERATE_INFOPLIST_FILE = YES;
				IPHONEOS_DEPLOYMENT_TARGET = 17.0;
				MARKETING_VERSION = 1.0;
				PRODUCT_BUNDLE_IDENTIFIER = "haveeehr.Memento-MoriTests";
				PRODUCT_NAME = "$(TARGET_NAME)";
				SWIFT_EMIT_LOC_STRINGS = NO;
				SWIFT_VERSION = 5.0;
				TARGETED_DEVICE_FAMILY = "1,2";
				TEST_HOST = "$(BUILT_PRODUCTS_DIR)/Memento Mori.app/$(BUNDLE_EXECUTABLE_FOLDER_PATH)/Memento Mori";
			};
			name = Debug;
		};
		AF1BD0992C47BC4B00D4B9F3 /* Release */ = {
			isa = XCBuildConfiguration;
			buildSettings = {
				ALWAYS_EMBED_SWIFT_STANDARD_LIBRARIES = YES;
				BUNDLE_LOADER = "$(TEST_HOST)";
				CODE_SIGN_STYLE = Automatic;
				CURRENT_PROJECT_VERSION = 1;
				GENERATE_INFOPLIST_FILE = YES;
				IPHONEOS_DEPLOYMENT_TARGET = 17.0;
				MARKETING_VERSION = 1.0;
				PRODUCT_BUNDLE_IDENTIFIER = "haveeehr.Memento-MoriTests";
				PRODUCT_NAME = "$(TARGET_NAME)";
				SWIFT_EMIT_LOC_STRINGS = NO;
				SWIFT_VERSION = 5.0;
				TARGETED_DEVICE_FAMILY = "1,2";
				TEST_HOST = "$(BUILT_PRODUCTS_DIR)/Memento Mori.app/$(BUNDLE_EXECUTABLE_FOLDER_PATH)/Memento Mori";
			};
			name = Release;
		};
		AF1BD09B2C47BC4B00D4B9F3 /* Debug */ = {
			isa = XCBuildConfiguration;
			buildSettings = {
				ALWAYS_EMBED_SWIFT_STANDARD_LIBRARIES = YES;
				CODE_SIGN_STYLE = Automatic;
				CURRENT_PROJECT_VERSION = 1;
				GENERATE_INFOPLIST_FILE = YES;
				MARKETING_VERSION = 1.0;
				PRODUCT_BUNDLE_IDENTIFIER = "haveeehr.Memento-MoriUITests";
				PRODUCT_NAME = "$(TARGET_NAME)";
				SWIFT_EMIT_LOC_STRINGS = NO;
				SWIFT_VERSION = 5.0;
				TARGETED_DEVICE_FAMILY = "1,2";
				TEST_TARGET_NAME = "Memento Mori";
			};
			name = Debug;
		};
		AF1BD09C2C47BC4B00D4B9F3 /* Release */ = {
			isa = XCBuildConfiguration;
			buildSettings = {
				ALWAYS_EMBED_SWIFT_STANDARD_LIBRARIES = YES;
				CODE_SIGN_STYLE = Automatic;
				CURRENT_PROJECT_VERSION = 1;
				GENERATE_INFOPLIST_FILE = YES;
				MARKETING_VERSION = 1.0;
				PRODUCT_BUNDLE_IDENTIFIER = "haveeehr.Memento-MoriUITests";
				PRODUCT_NAME = "$(TARGET_NAME)";
				SWIFT_EMIT_LOC_STRINGS = NO;
				SWIFT_VERSION = 5.0;
				TARGETED_DEVICE_FAMILY = "1,2";
				TEST_TARGET_NAME = "Memento Mori";
			};
			name = Release;
		};
		AF1BD0BD2C47CBF700D4B9F3 /* Debug */ = {
			isa = XCBuildConfiguration;
			buildSettings = {
				ASSETCATALOG_COMPILER_GLOBAL_ACCENT_COLOR_NAME = AccentColor;
				ASSETCATALOG_COMPILER_WIDGET_BACKGROUND_COLOR_NAME = WidgetBackground;
				CODE_SIGN_IDENTITY = "Apple Development";
				CODE_SIGN_STYLE = Automatic;
				CURRENT_PROJECT_VERSION = 1;
				DEVELOPMENT_TEAM = J3RR7Q3QN2;
				GENERATE_INFOPLIST_FILE = YES;
				INFOPLIST_FILE = MementoMoriWidget/Info.plist;
				INFOPLIST_KEY_CFBundleDisplayName = MementoMoriWidget;
				INFOPLIST_KEY_NSHumanReadableCopyright = "";
				LD_RUNPATH_SEARCH_PATHS = (
					"$(inherited)",
					"@executable_path/Frameworks",
					"@executable_path/../../Frameworks",
				);
				MARKETING_VERSION = 1.0;
				PRODUCT_BUNDLE_IDENTIFIER = "haveeehr.Memento-Mori.MementoMoriWidget";
				PRODUCT_NAME = "$(TARGET_NAME)";
				SKIP_INSTALL = YES;
				SWIFT_EMIT_LOC_STRINGS = YES;
				SWIFT_VERSION = 5.0;
				TARGETED_DEVICE_FAMILY = "1,2";
			};
			name = Debug;
		};
		AF1BD0BE2C47CBF700D4B9F3 /* Release */ = {
			isa = XCBuildConfiguration;
			buildSettings = {
				ASSETCATALOG_COMPILER_GLOBAL_ACCENT_COLOR_NAME = AccentColor;
				ASSETCATALOG_COMPILER_WIDGET_BACKGROUND_COLOR_NAME = WidgetBackground;
				CODE_SIGN_IDENTITY = "Apple Development";
				CODE_SIGN_STYLE = Automatic;
				CURRENT_PROJECT_VERSION = 1;
				DEVELOPMENT_TEAM = J3RR7Q3QN2;
				GENERATE_INFOPLIST_FILE = YES;
				INFOPLIST_FILE = MementoMoriWidget/Info.plist;
				INFOPLIST_KEY_CFBundleDisplayName = MementoMoriWidget;
				INFOPLIST_KEY_NSHumanReadableCopyright = "";
				LD_RUNPATH_SEARCH_PATHS = (
					"$(inherited)",
					"@executable_path/Frameworks",
					"@executable_path/../../Frameworks",
				);
				MARKETING_VERSION = 1.0;
				PRODUCT_BUNDLE_IDENTIFIER = "haveeehr.Memento-Mori.MementoMoriWidget";
				PRODUCT_NAME = "$(TARGET_NAME)";
				SKIP_INSTALL = YES;
				SWIFT_EMIT_LOC_STRINGS = YES;
				SWIFT_VERSION = 5.0;
				TARGETED_DEVICE_FAMILY = "1,2";
			};
			name = Release;
		};
/* End XCBuildConfiguration section */

/* Begin XCConfigurationList section */
		AF1BD06B2C47BC4800D4B9F3 /* Build configuration list for PBXProject "Memento Mori" */ = {
			isa = XCConfigurationList;
			buildConfigurations = (
				AF1BD0922C47BC4B00D4B9F3 /* Debug */,
				AF1BD0932C47BC4B00D4B9F3 /* Release */,
			);
			defaultConfigurationIsVisible = 0;
			defaultConfigurationName = Release;
		};
		AF1BD0942C47BC4B00D4B9F3 /* Build configuration list for PBXNativeTarget "Memento Mori" */ = {
			isa = XCConfigurationList;
			buildConfigurations = (
				AF1BD0952C47BC4B00D4B9F3 /* Debug */,
				AF1BD0962C47BC4B00D4B9F3 /* Release */,
			);
			defaultConfigurationIsVisible = 0;
			defaultConfigurationName = Release;
		};
		AF1BD0972C47BC4B00D4B9F3 /* Build configuration list for PBXNativeTarget "Memento MoriTests" */ = {
			isa = XCConfigurationList;
			buildConfigurations = (
				AF1BD0982C47BC4B00D4B9F3 /* Debug */,
				AF1BD0992C47BC4B00D4B9F3 /* Release */,
			);
			defaultConfigurationIsVisible = 0;
			defaultConfigurationName = Release;
		};
		AF1BD09A2C47BC4B00D4B9F3 /* Build configuration list for PBXNativeTarget "Memento MoriUITests" */ = {
			isa = XCConfigurationList;
			buildConfigurations = (
				AF1BD09B2C47BC4B00D4B9F3 /* Debug */,
				AF1BD09C2C47BC4B00D4B9F3 /* Release */,
			);
			defaultConfigurationIsVisible = 0;
			defaultConfigurationName = Release;
		};
		AF1BD0BF2C47CBF700D4B9F3 /* Build configuration list for PBXNativeTarget "MementoMoriWidgetExtension" */ = {
			isa = XCConfigurationList;
			buildConfigurations = (
				AF1BD0BD2C47CBF700D4B9F3 /* Debug */,
				AF1BD0BE2C47CBF700D4B9F3 /* Release */,
			);
			defaultConfigurationIsVisible = 0;
			defaultConfigurationName = Release;
		};
/* End XCConfigurationList section */
	};
	rootObject = AF1BD0682C47BC4800D4B9F3 /* Project object */;
}
